
Microsoft Visual Studio Solution File, Format Version 12.00
# Visual Studio 2012
Project("{FAE04EC0-301F-11D3-BF4B-00C04F79EFBC}") = "CumulusChat", "CumulusChat\CumulusChat.csproj", "{62F470CD-F664-4256-B1BA-21D9CF68C134}"
EndProject
Global
	GlobalSection(SolutionConfigurationPlatforms) = preSolution
		Debug|Any CPU = Debug|Any CPU
		Release|Any CPU = Release|Any CPU
	EndGlobalSection
	GlobalSection(ProjectConfigurationPlatforms) = postSolution
		{62F470CD-F664-4256-B1BA-21D9CF68C134}.Debug|Any CPU.ActiveCfg = Debug|Any CPU
		{62F470CD-F664-4256-B1BA-21D9CF68C134}.Debug|Any CPU.Build.0 = Debug|Any CPU
		{62F470CD-F664-4256-B1BA-21D9CF68C134}.Release|Any CPU.ActiveCfg = Release|Any CPU
		{62F470CD-F664-4256-B1BA-21D9CF68C134}.Release|Any CPU.Build.0 = Release|Any CPU
	EndGlobalSection
	GlobalSection(SolutionProperties) = preSolution
		HideSolutionNode = FALSE
	EndGlobalSection
EndGlobal
